
Microsoft Visual Studio Solution File, Format Version 12.00
# Visual Studio Version 17
VisualStudioVersion = 17.7.34031.279
MinimumVisualStudioVersion = 10.0.40219.1
Project("{FAE04EC0-301F-11D3-BF4B-00C04F79EFBC}") = "BTTL_Buoi2", "BTTL_Buoi2.csproj", "{480E2D34-5AEB-4D71-9798-B1D834A15F6A}"
EndProject
Global
	GlobalSection(SolutionConfigurationPlatforms) = preSolution
		Debug|Any CPU = Debug|Any CPU
		Release|Any CPU = Release|Any CPU
	EndGlobalSection
	GlobalSection(ProjectConfigurationPlatforms) = postSolution
		{480E2D34-5AEB-4D71-9798-B1D834A15F6A}.Debug|Any CPU.ActiveCfg = Debug|Any CPU
		{480E2D34-5AEB-4D71-9798-B1D834A15F6A}.Debug|Any CPU.Build.0 = Debug|Any CPU
		{480E2D34-5AEB-4D71-9798-B1D834A15F6A}.Release|Any CPU.ActiveCfg = Release|Any CPU
		{480E2D34-5AEB-4D71-9798-B1D834A15F6A}.Release|Any CPU.Build.0 = Release|Any CPU
	EndGlobalSection
	GlobalSection(SolutionProperties) = preSolution
		HideSolutionNode = FALSE
	EndGlobalSection
	GlobalSection(ExtensibilityGlobals) = postSolution
		SolutionGuid = {BC33AF03-720C-41AE-9399-B657B0AE054E}
	EndGlobalSection
EndGlobal
